
Microsoft Visual Studio Solution File, Format Version 12.00
# Visual Studio Version 17
VisualStudioVersion = 17.9.34607.119
MinimumVisualStudioVersion = 10.0.40219.1
Project("{FAE04EC0-301F-11D3-BF4B-00C04F79EFBC}") = "HomeWorkModule10", "HomeWorkModule10\HomeWorkModule10.csproj", "{BD2E7EF1-BA58-4B14-84AE-D2F00E714E3E}"
EndProject
Global
	GlobalSection(SolutionConfigurationPlatforms) = preSolution
		Debug|Any CPU = Debug|Any CPU
		Release|Any CPU = Release|Any CPU
	EndGlobalSection
	GlobalSection(ProjectConfigurationPlatforms) = postSolution
		{BD2E7EF1-BA58-4B14-84AE-D2F00E714E3E}.Debug|Any CPU.ActiveCfg = Debug|Any CPU
		{BD2E7EF1-BA58-4B14-84AE-D2F00E714E3E}.Debug|Any CPU.Build.0 = Debug|Any CPU
		{BD2E7EF1-BA58-4B14-84AE-D2F00E714E3E}.Release|Any CPU.ActiveCfg = Release|Any CPU
		{BD2E7EF1-BA58-4B14-84AE-D2F00E714E3E}.Release|Any CPU.Build.0 = Release|Any CPU
	EndGlobalSection
	GlobalSection(SolutionProperties) = preSolution
		HideSolutionNode = FALSE
	EndGlobalSection
	GlobalSection(ExtensibilityGlobals) = postSolution
		SolutionGuid = {C2BA9702-F8A0-43F6-B75E-14F05EC60BF7}
	EndGlobalSection
EndGlobal
